
Microsoft Visual Studio Solution File, Format Version 12.00
# Visual Studio Version 17
VisualStudioVersion = 17.6.33829.357
MinimumVisualStudioVersion = 10.0.40219.1
Project("{2150E333-8FDC-42A3-9474-1A3956D46DE8}") = "1. Операции деления", "1. Операции деления", "{54C168F9-972F-4FA5-8443-362D0BA4A89C}"
EndProject
Project("{8BC9CEB8-8B4A-11D0-8D11-00A0C91BC942}") = "DivisionOperations", "DivisionOperations\DivisionOperations.vcxproj", "{23744C9C-31E1-48D1-A68E-51351074F78E}"
EndProject
Project("{2150E333-8FDC-42A3-9474-1A3956D46DE8}") = "Задачи", "Задачи", "{975464F7-8368-4C99-924A-7538EC9E0A75}"
EndProject
Project("{8BC9CEB8-8B4A-11D0-8D11-00A0C91BC942}") = "Сумма_цифр_трёхзначного_числа", "Сумма_цифр_трёхзначного_числа\Сумма_цифр_трёхзначного_числа.vcxproj", "{DFE1EDE2-8A1E-48FD-AD89-758B5CAC1F0B}"
EndProject
Project("{2150E333-8FDC-42A3-9474-1A3956D46DE8}") = "2. Условные конструкции", "2. Условные конструкции", "{60065E9F-EE7D-44D4-B54E-2F8A962F6DD9}"
EndProject
Project("{2150E333-8FDC-42A3-9474-1A3956D46DE8}") = "Задачи", "Задачи", "{4D4A1AA7-B8FE-4557-93DD-512842746E93}"
EndProject
Project("{8BC9CEB8-8B4A-11D0-8D11-00A0C91BC942}") = "Условный_оператор_if", "Условный_оператор_if\Условный_оператор_if.vcxproj", "{7405D0E3-870B-4761-B674-CCBC3E884889}"
EndProject
Project("{8BC9CEB8-8B4A-11D0-8D11-00A0C91BC942}") = "Тернарный_оператор", "Тернарный_оператор\Тернарный_оператор.vcxproj", "{FA73F6A8-9EC6-42CF-8EEA-61CC9D1A78D5}"
EndProject
Project("{8BC9CEB8-8B4A-11D0-8D11-00A0C91BC942}") = "Оператор_switch", "Оператор_switch\Оператор_switch.vcxproj", "{B455F6A1-E6D7-4B0B-BC4B-DE54690A5B7D}"
EndProject
Project("{8BC9CEB8-8B4A-11D0-8D11-00A0C91BC942}") = "Задача_Грибы", "Задача_Грибы\Задача_Грибы.vcxproj", "{21071604-04D9-46FB-922C-9ED2E89DC346}"
EndProject
Project("{8BC9CEB8-8B4A-11D0-8D11-00A0C91BC942}") = "Фигура_Ладья", "Фигура_Ладья\Фигура_Ладья.vcxproj", "{9F24BDFB-7876-4913-886B-D2822400F03A}"
EndProject
Project("{8BC9CEB8-8B4A-11D0-8D11-00A0C91BC942}") = "Фигура_Король", "Фигура_Король\Фигура_Король.vcxproj", "{A8AD2813-2117-460B-893F-7C9C832434AC}"
EndProject
Project("{2150E333-8FDC-42A3-9474-1A3956D46DE8}") = "3. Циклы", "3. Циклы", "{C9AD9E86-B538-414C-920E-A91381A77152}"
EndProject
Project("{8BC9CEB8-8B4A-11D0-8D11-00A0C91BC942}") = "Цикл_for", "Цикл_for\Цикл_for.vcxproj", "{45BA8F42-0C2A-44E8-B73F-C6C29296F8EB}"
EndProject
Project("{2150E333-8FDC-42A3-9474-1A3956D46DE8}") = "Задачи", "Задачи", "{7FDA2A3E-CCA0-4D7E-8C6D-E5B2D3FF6979}"
EndProject
Project("{8BC9CEB8-8B4A-11D0-8D11-00A0C91BC942}") = "Факториал", "Факториал\Факториал.vcxproj", "{C2D92366-F6B9-4871-8C79-C2DFAB02C7A4}"
EndProject
Project("{8BC9CEB8-8B4A-11D0-8D11-00A0C91BC942}") = "Цикл_while", "Цикл_while\Цикл_while.vcxproj", "{077E4814-6AA0-462F-904E-8903E3631B7F}"
EndProject
Project("{8BC9CEB8-8B4A-11D0-8D11-00A0C91BC942}") = "Операторы_break_continue", "Операторы_break_continue\Операторы_break_continue.vcxproj", "{4AAA044F-9D52-4BF6-8645-18D6E3AEC6D0}"
EndProject
Project("{8BC9CEB8-8B4A-11D0-8D11-00A0C91BC942}") = "Наибольшее_число_пользователя", "Наибольшее_число_пользователя\Наибольшее_число_пользователя.vcxproj", "{3B5DDCA0-2E0D-44B6-B797-FF11A7251413}"
EndProject
Project("{2150E333-8FDC-42A3-9474-1A3956D46DE8}") = "4. Форматированный вывод", "4. Форматированный вывод", "{91F8381D-03CD-43FD-8F86-842FE8243642}"
EndProject
Project("{8BC9CEB8-8B4A-11D0-8D11-00A0C91BC942}") = "Форматированный_вывод", "Форматированный_вывод\Форматированный_вывод.vcxproj", "{105FB978-6227-4024-827C-AADAA1104D09}"
EndProject
Project("{8BC9CEB8-8B4A-11D0-8D11-00A0C91BC942}") = "Таблица_Пифагора", "Таблица_Пифагора\Таблица_Пифагора.vcxproj", "{65CD2F5D-A6D5-4927-95FC-054E795955C5}"
EndProject
Project("{2150E333-8FDC-42A3-9474-1A3956D46DE8}") = "5. Функции", "5. Функции", "{7E17695A-423B-46D3-AB39-4D0D4FFEE64D}"
EndProject
Project("{8BC9CEB8-8B4A-11D0-8D11-00A0C91BC942}") = "Функции", "Функции\Функции.vcxproj", "{A93A25B4-0538-4DBB-8F53-2A2DE0C4E171}"
EndProject
Project("{8BC9CEB8-8B4A-11D0-8D11-00A0C91BC942}") = "Способы передачи параметров", "Способы передачи параметров\Способы передачи параметров.vcxproj", "{4DF9DFB0-CC48-4965-A7CE-29A2F6C09ED9}"
EndProject
Project("{2150E333-8FDC-42A3-9474-1A3956D46DE8}") = "Задачи", "Задачи", "{41CE49FC-363D-4E6B-8C74-999AA0789F54}"
EndProject
Global
	GlobalSection(SolutionConfigurationPlatforms) = preSolution
		Debug|Any CPU = Debug|Any CPU
		Debug|x64 = Debug|x64
		Debug|x86 = Debug|x86
		Release|Any CPU = Release|Any CPU
		Release|x64 = Release|x64
		Release|x86 = Release|x86
	EndGlobalSection
	GlobalSection(ProjectConfigurationPlatforms) = postSolution
		{23744C9C-31E1-48D1-A68E-51351074F78E}.Debug|Any CPU.ActiveCfg = Debug|Win32
		{23744C9C-31E1-48D1-A68E-51351074F78E}.Debug|Any CPU.Build.0 = Debug|Win32
		{23744C9C-31E1-48D1-A68E-51351074F78E}.Debug|x64.ActiveCfg = Debug|x64
		{23744C9C-31E1-48D1-A68E-51351074F78E}.Debug|x64.Build.0 = Debug|x64
		{23744C9C-31E1-48D1-A68E-51351074F78E}.Debug|x86.ActiveCfg = Debug|Win32
		{23744C9C-31E1-48D1-A68E-51351074F78E}.Debug|x86.Build.0 = Debug|Win32
		{23744C9C-31E1-48D1-A68E-51351074F78E}.Release|Any CPU.ActiveCfg = Release|Win32
		{23744C9C-31E1-48D1-A68E-51351074F78E}.Release|Any CPU.Build.0 = Release|Win32
		{23744C9C-31E1-48D1-A68E-51351074F78E}.Release|x64.ActiveCfg = Release|x64
		{23744C9C-31E1-48D1-A68E-51351074F78E}.Release|x64.Build.0 = Release|x64
		{23744C9C-31E1-48D1-A68E-51351074F78E}.Release|x86.ActiveCfg = Release|Win32
		{23744C9C-31E1-48D1-A68E-51351074F78E}.Release|x86.Build.0 = Release|Win32
		{DFE1EDE2-8A1E-48FD-AD89-758B5CAC1F0B}.Debug|Any CPU.ActiveCfg = Debug|Win32
		{DFE1EDE2-8A1E-48FD-AD89-758B5CAC1F0B}.Debug|Any CPU.Build.0 = Debug|Win32
		{DFE1EDE2-8A1E-48FD-AD89-758B5CAC1F0B}.Debug|x64.ActiveCfg = Debug|x64
		{DFE1EDE2-8A1E-48FD-AD89-758B5CAC1F0B}.Debug|x64.Build.0 = Debug|x64
		{DFE1EDE2-8A1E-48FD-AD89-758B5CAC1F0B}.Debug|x86.ActiveCfg = Debug|Win32
		{DFE1EDE2-8A1E-48FD-AD89-758B5CAC1F0B}.Debug|x86.Build.0 = Debug|Win32
		{DFE1EDE2-8A1E-48FD-AD89-758B5CAC1F0B}.Release|Any CPU.ActiveCfg = Release|Win32
		{DFE1EDE2-8A1E-48FD-AD89-758B5CAC1F0B}.Release|Any CPU.Build.0 = Release|Win32
		{DFE1EDE2-8A1E-48FD-AD89-758B5CAC1F0B}.Release|x64.ActiveCfg = Release|x64
		{DFE1EDE2-8A1E-48FD-AD89-758B5CAC1F0B}.Release|x64.Build.0 = Release|x64
		{DFE1EDE2-8A1E-48FD-AD89-758B5CAC1F0B}.Release|x86.ActiveCfg = Release|Win32
		{DFE1EDE2-8A1E-48FD-AD89-758B5CAC1F0B}.Release|x86.Build.0 = Release|Win32
		{7405D0E3-870B-4761-B674-CCBC3E884889}.Debug|Any CPU.ActiveCfg = Debug|Win32
		{7405D0E3-870B-4761-B674-CCBC3E884889}.Debug|Any CPU.Build.0 = Debug|Win32
		{7405D0E3-870B-4761-B674-CCBC3E884889}.Debug|x64.ActiveCfg = Debug|x64
		{7405D0E3-870B-4761-B674-CCBC3E884889}.Debug|x64.Build.0 = Debug|x64
		{7405D0E3-870B-4761-B674-CCBC3E884889}.Debug|x86.ActiveCfg = Debug|Win32
		{7405D0E3-870B-4761-B674-CCBC3E884889}.Debug|x86.Build.0 = Debug|Win32
		{7405D0E3-870B-4761-B674-CCBC3E884889}.Release|Any CPU.ActiveCfg = Release|Win32
		{7405D0E3-870B-4761-B674-CCBC3E884889}.Release|Any CPU.Build.0 = Release|Win32
		{7405D0E3-870B-4761-B674-CCBC3E884889}.Release|x64.ActiveCfg = Release|x64
		{7405D0E3-870B-4761-B674-CCBC3E884889}.Release|x64.Build.0 = Release|x64
		{7405D0E3-870B-4761-B674-CCBC3E884889}.Release|x86.ActiveCfg = Release|Win32
		{7405D0E3-870B-4761-B674-CCBC3E884889}.Release|x86.Build.0 = Release|Win32
		{FA73F6A8-9EC6-42CF-8EEA-61CC9D1A78D5}.Debug|Any CPU.ActiveCfg = Debug|Win32
		{FA73F6A8-9EC6-42CF-8EEA-61CC9D1A78D5}.Debug|Any CPU.Build.0 = Debug|Win32
		{FA73F6A8-9EC6-42CF-8EEA-61CC9D1A78D5}.Debug|x64.ActiveCfg = Debug|x64
		{FA73F6A8-9EC6-42CF-8EEA-61CC9D1A78D5}.Debug|x64.Build.0 = Debug|x64
		{FA73F6A8-9EC6-42CF-8EEA-61CC9D1A78D5}.Debug|x86.ActiveCfg = Debug|Win32
		{FA73F6A8-9EC6-42CF-8EEA-61CC9D1A78D5}.Debug|x86.Build.0 = Debug|Win32
		{FA73F6A8-9EC6-42CF-8EEA-61CC9D1A78D5}.Release|Any CPU.ActiveCfg = Release|Win32
		{FA73F6A8-9EC6-42CF-8EEA-61CC9D1A78D5}.Release|Any CPU.Build.0 = Release|Win32
		{FA73F6A8-9EC6-42CF-8EEA-61CC9D1A78D5}.Release|x64.ActiveCfg = Release|x64
		{FA73F6A8-9EC6-42CF-8EEA-61CC9D1A78D5}.Release|x64.Build.0 = Release|x64
		{FA73F6A8-9EC6-42CF-8EEA-61CC9D1A78D5}.Release|x86.ActiveCfg = Release|Win32
		{FA73F6A8-9EC6-42CF-8EEA-61CC9D1A78D5}.Release|x86.Build.0 = Release|Win32
		{B455F6A1-E6D7-4B0B-BC4B-DE54690A5B7D}.Debug|Any CPU.ActiveCfg = Debug|Win32
		{B455F6A1-E6D7-4B0B-BC4B-DE54690A5B7D}.Debug|Any CPU.Build.0 = Debug|Win32
		{B455F6A1-E6D7-4B0B-BC4B-DE54690A5B7D}.Debug|x64.ActiveCfg = Debug|x64
		{B455F6A1-E6D7-4B0B-BC4B-DE54690A5B7D}.Debug|x64.Build.0 = Debug|x64
		{B455F6A1-E6D7-4B0B-BC4B-DE54690A5B7D}.Debug|x86.ActiveCfg = Debug|Win32
		{B455F6A1-E6D7-4B0B-BC4B-DE54690A5B7D}.Debug|x86.Build.0 = Debug|Win32
		{B455F6A1-E6D7-4B0B-BC4B-DE54690A5B7D}.Release|Any CPU.ActiveCfg = Release|Win32
		{B455F6A1-E6D7-4B0B-BC4B-DE54690A5B7D}.Release|Any CPU.Build.0 = Release|Win32
		{B455F6A1-E6D7-4B0B-BC4B-DE54690A5B7D}.Release|x64.ActiveCfg = Release|x64
		{B455F6A1-E6D7-4B0B-BC4B-DE54690A5B7D}.Release|x64.Build.0 = Release|x64
		{B455F6A1-E6D7-4B0B-BC4B-DE54690A5B7D}.Release|x86.ActiveCfg = Release|Win32
		{B455F6A1-E6D7-4B0B-BC4B-DE54690A5B7D}.Release|x86.Build.0 = Release|Win32
		{21071604-04D9-46FB-922C-9ED2E89DC346}.Debug|Any CPU.ActiveCfg = Debug|x64
		{21071604-04D9-46FB-922C-9ED2E89DC346}.Debug|Any CPU.Build.0 = Debug|x64
		{21071604-04D9-46FB-922C-9ED2E89DC346}.Debug|x64.ActiveCfg = Debug|x64
		{21071604-04D9-46FB-922C-9ED2E89DC346}.Debug|x64.Build.0 = Debug|x64
		{21071604-04D9-46FB-922C-9ED2E89DC346}.Debug|x86.ActiveCfg = Debug|Win32
		{21071604-04D9-46FB-922C-9ED2E89DC346}.Debug|x86.Build.0 = Debug|Win32
		{21071604-04D9-46FB-922C-9ED2E89DC346}.Release|Any CPU.ActiveCfg = Release|x64
		{21071604-04D9-46FB-922C-9ED2E89DC346}.Release|Any CPU.Build.0 = Release|x64
		{21071604-04D9-46FB-922C-9ED2E89DC346}.Release|x64.ActiveCfg = Release|x64
		{21071604-04D9-46FB-922C-9ED2E89DC346}.Release|x64.Build.0 = Release|x64
		{21071604-04D9-46FB-922C-9ED2E89DC346}.Release|x86.ActiveCfg = Release|Win32
		{21071604-04D9-46FB-922C-9ED2E89DC346}.Release|x86.Build.0 = Release|Win32
		{9F24BDFB-7876-4913-886B-D2822400F03A}.Debug|Any CPU.ActiveCfg = Debug|x64
		{9F24BDFB-7876-4913-886B-D2822400F03A}.Debug|Any CPU.Build.0 = Debug|x64
		{9F24BDFB-7876-4913-886B-D2822400F03A}.Debug|x64.ActiveCfg = Debug|x64
		{9F24BDFB-7876-4913-886B-D2822400F03A}.Debug|x64.Build.0 = Debug|x64
		{9F24BDFB-7876-4913-886B-D2822400F03A}.Debug|x86.ActiveCfg = Debug|Win32
		{9F24BDFB-7876-4913-886B-D2822400F03A}.Debug|x86.Build.0 = Debug|Win32
		{9F24BDFB-7876-4913-886B-D2822400F03A}.Release|Any CPU.ActiveCfg = Release|x64
		{9F24BDFB-7876-4913-886B-D2822400F03A}.Release|Any CPU.Build.0 = Release|x64
		{9F24BDFB-7876-4913-886B-D2822400F03A}.Release|x64.ActiveCfg = Release|x64
		{9F24BDFB-7876-4913-886B-D2822400F03A}.Release|x64.Build.0 = Release|x64
		{9F24BDFB-7876-4913-886B-D2822400F03A}.Release|x86.ActiveCfg = Release|Win32
		{9F24BDFB-7876-4913-886B-D2822400F03A}.Release|x86.Build.0 = Release|Win32
		{A8AD2813-2117-460B-893F-7C9C832434AC}.Debug|Any CPU.ActiveCfg = Debug|x64
		{A8AD2813-2117-460B-893F-7C9C832434AC}.Debug|Any CPU.Build.0 = Debug|x64
		{A8AD2813-2117-460B-893F-7C9C832434AC}.Debug|x64.ActiveCfg = Debug|x64
		{A8AD2813-2117-460B-893F-7C9C832434AC}.Debug|x64.Build.0 = Debug|x64
		{A8AD2813-2117-460B-893F-7C9C832434AC}.Debug|x86.ActiveCfg = Debug|Win32
		{A8AD2813-2117-460B-893F-7C9C832434AC}.Debug|x86.Build.0 = Debug|Win32
		{A8AD2813-2117-460B-893F-7C9C832434AC}.Release|Any CPU.ActiveCfg = Release|x64
		{A8AD2813-2117-460B-893F-7C9C832434AC}.Release|Any CPU.Build.0 = Release|x64
		{A8AD2813-2117-460B-893F-7C9C832434AC}.Release|x64.ActiveCfg = Release|x64
		{A8AD2813-2117-460B-893F-7C9C832434AC}.Release|x64.Build.0 = Release|x64
		{A8AD2813-2117-460B-893F-7C9C832434AC}.Release|x86.ActiveCfg = Release|Win32
		{A8AD2813-2117-460B-893F-7C9C832434AC}.Release|x86.Build.0 = Release|Win32
		{45BA8F42-0C2A-44E8-B73F-C6C29296F8EB}.Debug|Any CPU.ActiveCfg = Debug|x64
		{45BA8F42-0C2A-44E8-B73F-C6C29296F8EB}.Debug|Any CPU.Build.0 = Debug|x64
		{45BA8F42-0C2A-44E8-B73F-C6C29296F8EB}.Debug|x64.ActiveCfg = Debug|x64
		{45BA8F42-0C2A-44E8-B73F-C6C29296F8EB}.Debug|x64.Build.0 = Debug|x64
		{45BA8F42-0C2A-44E8-B73F-C6C29296F8EB}.Debug|x86.ActiveCfg = Debug|Win32
		{45BA8F42-0C2A-44E8-B73F-C6C29296F8EB}.Debug|x86.Build.0 = Debug|Win32
		{45BA8F42-0C2A-44E8-B73F-C6C29296F8EB}.Release|Any CPU.ActiveCfg = Release|x64
		{45BA8F42-0C2A-44E8-B73F-C6C29296F8EB}.Release|Any CPU.Build.0 = Release|x64
		{45BA8F42-0C2A-44E8-B73F-C6C29296F8EB}.Release|x64.ActiveCfg = Release|x64
		{45BA8F42-0C2A-44E8-B73F-C6C29296F8EB}.Release|x64.Build.0 = Release|x64
		{45BA8F42-0C2A-44E8-B73F-C6C29296F8EB}.Release|x86.ActiveCfg = Release|Win32
		{45BA8F42-0C2A-44E8-B73F-C6C29296F8EB}.Release|x86.Build.0 = Release|Win32
		{C2D92366-F6B9-4871-8C79-C2DFAB02C7A4}.Debug|Any CPU.ActiveCfg = Debug|x64
		{C2D92366-F6B9-4871-8C79-C2DFAB02C7A4}.Debug|Any CPU.Build.0 = Debug|x64
		{C2D92366-F6B9-4871-8C79-C2DFAB02C7A4}.Debug|x64.ActiveCfg = Debug|x64
		{C2D92366-F6B9-4871-8C79-C2DFAB02C7A4}.Debug|x64.Build.0 = Debug|x64
		{C2D92366-F6B9-4871-8C79-C2DFAB02C7A4}.Debug|x86.ActiveCfg = Debug|Win32
		{C2D92366-F6B9-4871-8C79-C2DFAB02C7A4}.Debug|x86.Build.0 = Debug|Win32
		{C2D92366-F6B9-4871-8C79-C2DFAB02C7A4}.Release|Any CPU.ActiveCfg = Release|x64
		{C2D92366-F6B9-4871-8C79-C2DFAB02C7A4}.Release|Any CPU.Build.0 = Release|x64
		{C2D92366-F6B9-4871-8C79-C2DFAB02C7A4}.Release|x64.ActiveCfg = Release|x64
		{C2D92366-F6B9-4871-8C79-C2DFAB02C7A4}.Release|x64.Build.0 = Release|x64
		{C2D92366-F6B9-4871-8C79-C2DFAB02C7A4}.Release|x86.ActiveCfg = Release|Win32
		{C2D92366-F6B9-4871-8C79-C2DFAB02C7A4}.Release|x86.Build.0 = Release|Win32
		{077E4814-6AA0-462F-904E-8903E3631B7F}.Debug|Any CPU.ActiveCfg = Debug|x64
		{077E4814-6AA0-462F-904E-8903E3631B7F}.Debug|Any CPU.Build.0 = Debug|x64
		{077E4814-6AA0-462F-904E-8903E3631B7F}.Debug|x64.ActiveCfg = Debug|x64
		{077E4814-6AA0-462F-904E-8903E3631B7F}.Debug|x64.Build.0 = Debug|x64
		{077E4814-6AA0-462F-904E-8903E3631B7F}.Debug|x86.ActiveCfg = Debug|Win32
		{077E4814-6AA0-462F-904E-8903E3631B7F}.Debug|x86.Build.0 = Debug|Win32
		{077E4814-6AA0-462F-904E-8903E3631B7F}.Release|Any CPU.ActiveCfg = Release|x64
		{077E4814-6AA0-462F-904E-8903E3631B7F}.Release|Any CPU.Build.0 = Release|x64
		{077E4814-6AA0-462F-904E-8903E3631B7F}.Release|x64.ActiveCfg = Release|x64
		{077E4814-6AA0-462F-904E-8903E3631B7F}.Release|x64.Build.0 = Release|x64
		{077E4814-6AA0-462F-904E-8903E3631B7F}.Release|x86.ActiveCfg = Release|Win32
		{077E4814-6AA0-462F-904E-8903E3631B7F}.Release|x86.Build.0 = Release|Win32
		{105FB978-6227-4024-827C-AADAA1104D09}.Debug|Any CPU.ActiveCfg = Debug|Win32
		{105FB978-6227-4024-827C-AADAA1104D09}.Debug|Any CPU.Build.0 = Debug|Win32
		{105FB978-6227-4024-827C-AADAA1104D09}.Debug|x64.ActiveCfg = Debug|x64
		{105FB978-6227-4024-827C-AADAA1104D09}.Debug|x64.Build.0 = Debug|x64
		{105FB978-6227-4024-827C-AADAA1104D09}.Debug|x86.ActiveCfg = Debug|Win32
		{105FB978-6227-4024-827C-AADAA1104D09}.Debug|x86.Build.0 = Debug|Win32
		{105FB978-6227-4024-827C-AADAA1104D09}.Release|Any CPU.ActiveCfg = Release|Win32
		{105FB978-6227-4024-827C-AADAA1104D09}.Release|Any CPU.Build.0 = Release|Win32
		{105FB978-6227-4024-827C-AADAA1104D09}.Release|x64.ActiveCfg = Release|x64
		{105FB978-6227-4024-827C-AADAA1104D09}.Release|x64.Build.0 = Release|x64
		{105FB978-6227-4024-827C-AADAA1104D09}.Release|x86.ActiveCfg = Release|Win32
		{105FB978-6227-4024-827C-AADAA1104D09}.Release|x86.Build.0 = Release|Win32
		{65CD2F5D-A6D5-4927-95FC-054E795955C5}.Debug|Any CPU.ActiveCfg = Debug|Win32
		{65CD2F5D-A6D5-4927-95FC-054E795955C5}.Debug|Any CPU.Build.0 = Debug|Win32
		{65CD2F5D-A6D5-4927-95FC-054E795955C5}.Debug|x64.ActiveCfg = Debug|x64
		{65CD2F5D-A6D5-4927-95FC-054E795955C5}.Debug|x64.Build.0 = Debug|x64
		{65CD2F5D-A6D5-4927-95FC-054E795955C5}.Debug|x86.ActiveCfg = Debug|Win32
		{65CD2F5D-A6D5-4927-95FC-054E795955C5}.Debug|x86.Build.0 = Debug|Win32
		{65CD2F5D-A6D5-4927-95FC-054E795955C5}.Release|Any CPU.ActiveCfg = Release|Win32
		{65CD2F5D-A6D5-4927-95FC-054E795955C5}.Release|Any CPU.Build.0 = Release|Win32
		{65CD2F5D-A6D5-4927-95FC-054E795955C5}.Release|x64.ActiveCfg = Release|x64
		{65CD2F5D-A6D5-4927-95FC-054E795955C5}.Release|x64.Build.0 = Release|x64
		{65CD2F5D-A6D5-4927-95FC-054E795955C5}.Release|x86.ActiveCfg = Release|Win32
		{65CD2F5D-A6D5-4927-95FC-054E795955C5}.Release|x86.Build.0 = Release|Win32
		{A93A25B4-0538-4DBB-8F53-2A2DE0C4E171}.Debug|Any CPU.ActiveCfg = Debug|Win32
		{A93A25B4-0538-4DBB-8F53-2A2DE0C4E171}.Debug|Any CPU.Build.0 = Debug|Win32
		{A93A25B4-0538-4DBB-8F53-2A2DE0C4E171}.Debug|x64.ActiveCfg = Debug|x64
		{A93A25B4-0538-4DBB-8F53-2A2DE0C4E171}.Debug|x64.Build.0 = Debug|x64
		{A93A25B4-0538-4DBB-8F53-2A2DE0C4E171}.Debug|x86.ActiveCfg = Debug|Win32
		{A93A25B4-0538-4DBB-8F53-2A2DE0C4E171}.Debug|x86.Build.0 = Debug|Win32
		{A93A25B4-0538-4DBB-8F53-2A2DE0C4E171}.Release|Any CPU.ActiveCfg = Release|Win32
		{A93A25B4-0538-4DBB-8F53-2A2DE0C4E171}.Release|Any CPU.Build.0 = Release|Win32
		{A93A25B4-0538-4DBB-8F53-2A2DE0C4E171}.Release|x64.ActiveCfg = Release|x64
		{A93A25B4-0538-4DBB-8F53-2A2DE0C4E171}.Release|x64.Build.0 = Release|x64
		{A93A25B4-0538-4DBB-8F53-2A2DE0C4E171}.Release|x86.ActiveCfg = Release|Win32
		{A93A25B4-0538-4DBB-8F53-2A2DE0C4E171}.Release|x86.Build.0 = Release|Win32
		{4DF9DFB0-CC48-4965-A7CE-29A2F6C09ED9}.Debug|Any CPU.ActiveCfg = Debug|Win32
		{4DF9DFB0-CC48-4965-A7CE-29A2F6C09ED9}.Debug|Any CPU.Build.0 = Debug|Win32
		{4DF9DFB0-CC48-4965-A7CE-29A2F6C09ED9}.Debug|x64.ActiveCfg = Debug|x64
		{4DF9DFB0-CC48-4965-A7CE-29A2F6C09ED9}.Debug|x64.Build.0 = Debug|x64
		{4DF9DFB0-CC48-4965-A7CE-29A2F6C09ED9}.Debug|x86.ActiveCfg = Debug|Win32
		{4DF9DFB0-CC48-4965-A7CE-29A2F6C09ED9}.Debug|x86.Build.0 = Debug|Win32
		{4DF9DFB0-CC48-4965-A7CE-29A2F6C09ED9}.Release|Any CPU.ActiveCfg = Release|Win32
		{4DF9DFB0-CC48-4965-A7CE-29A2F6C09ED9}.Release|Any CPU.Build.0 = Release|Win32
		{4DF9DFB0-CC48-4965-A7CE-29A2F6C09ED9}.Release|x64.ActiveCfg = Release|x64
		{4DF9DFB0-CC48-4965-A7CE-29A2F6C09ED9}.Release|x64.Build.0 = Release|x64
		{4DF9DFB0-CC48-4965-A7CE-29A2F6C09ED9}.Release|x86.ActiveCfg = Release|Win32
		{4DF9DFB0-CC48-4965-A7CE-29A2F6C09ED9}.Release|x86.Build.0 = Release|Win32
	EndGlobalSection
	GlobalSection(SolutionProperties) = preSolution
		HideSolutionNode = FALSE
	EndGlobalSection
	GlobalSection(NestedProjects) = preSolution
		{23744C9C-31E1-48D1-A68E-51351074F78E} = {54C168F9-972F-4FA5-8443-362D0BA4A89C}
		{975464F7-8368-4C99-924A-7538EC9E0A75} = {54C168F9-972F-4FA5-8443-362D0BA4A89C}
		{DFE1EDE2-8A1E-48FD-AD89-758B5CAC1F0B} = {975464F7-8368-4C99-924A-7538EC9E0A75}
		{4D4A1AA7-B8FE-4557-93DD-512842746E93} = {60065E9F-EE7D-44D4-B54E-2F8A962F6DD9}
		{7405D0E3-870B-4761-B674-CCBC3E884889} = {60065E9F-EE7D-44D4-B54E-2F8A962F6DD9}
		{FA73F6A8-9EC6-42CF-8EEA-61CC9D1A78D5} = {60065E9F-EE7D-44D4-B54E-2F8A962F6DD9}
		{B455F6A1-E6D7-4B0B-BC4B-DE54690A5B7D} = {60065E9F-EE7D-44D4-B54E-2F8A962F6DD9}
		{21071604-04D9-46FB-922C-9ED2E89DC346} = {4D4A1AA7-B8FE-4557-93DD-512842746E93}
		{9F24BDFB-7876-4913-886B-D2822400F03A} = {4D4A1AA7-B8FE-4557-93DD-512842746E93}
		{A8AD2813-2117-460B-893F-7C9C832434AC} = {4D4A1AA7-B8FE-4557-93DD-512842746E93}
		{45BA8F42-0C2A-44E8-B73F-C6C29296F8EB} = {C9AD9E86-B538-414C-920E-A91381A77152}
		{7FDA2A3E-CCA0-4D7E-8C6D-E5B2D3FF6979} = {C9AD9E86-B538-414C-920E-A91381A77152}
		{C2D92366-F6B9-4871-8C79-C2DFAB02C7A4} = {7FDA2A3E-CCA0-4D7E-8C6D-E5B2D3FF6979}
		{077E4814-6AA0-462F-904E-8903E3631B7F} = {C9AD9E86-B538-414C-920E-A91381A77152}
		{4AAA044F-9D52-4BF6-8645-18D6E3AEC6D0} = {C9AD9E86-B538-414C-920E-A91381A77152}
		{3B5DDCA0-2E0D-44B6-B797-FF11A7251413} = {7FDA2A3E-CCA0-4D7E-8C6D-E5B2D3FF6979}
		{105FB978-6227-4024-827C-AADAA1104D09} = {91F8381D-03CD-43FD-8F86-842FE8243642}
		{65CD2F5D-A6D5-4927-95FC-054E795955C5} = {7FDA2A3E-CCA0-4D7E-8C6D-E5B2D3FF6979}
		{A93A25B4-0538-4DBB-8F53-2A2DE0C4E171} = {7E17695A-423B-46D3-AB39-4D0D4FFEE64D}
		{4DF9DFB0-CC48-4965-A7CE-29A2F6C09ED9} = {7E17695A-423B-46D3-AB39-4D0D4FFEE64D}
		{41CE49FC-363D-4E6B-8C74-999AA0789F54} = {7E17695A-423B-46D3-AB39-4D0D4FFEE64D}
	EndGlobalSection
	GlobalSection(ExtensibilityGlobals) = postSolution
		SolutionGuid = {3A34B672-E8C8-46C8-B8AE-F661E7030EAC}
	EndGlobalSection
EndGlobal
